
Microsoft Visual Studio Solution File, Format Version 12.00
# Visual Studio Version 17
VisualStudioVersion = 17.11.35431.28
MinimumVisualStudioVersion = 10.0.40219.1
Project("{FAE04EC0-301F-11D3-BF4B-00C04F79EFBC}") = "MyCalculatorApp", "MyCalculatorApp\MyCalculatorApp.csproj", "{71054DDA-AFC6-4BF7-A9C5-2713EC1B815C}"
EndProject
Global
	GlobalSection(SolutionConfigurationPlatforms) = preSolution
		Debug|Any CPU = Debug|Any CPU
		Release|Any CPU = Release|Any CPU
	EndGlobalSection
	GlobalSection(ProjectConfigurationPlatforms) = postSolution
		{71054DDA-AFC6-4BF7-A9C5-2713EC1B815C}.Debug|Any CPU.ActiveCfg = Debug|Any CPU
		{71054DDA-AFC6-4BF7-A9C5-2713EC1B815C}.Debug|Any CPU.Build.0 = Debug|Any CPU
		{71054DDA-AFC6-4BF7-A9C5-2713EC1B815C}.Release|Any CPU.ActiveCfg = Release|Any CPU
		{71054DDA-AFC6-4BF7-A9C5-2713EC1B815C}.Release|Any CPU.Build.0 = Release|Any CPU
	EndGlobalSection
	GlobalSection(SolutionProperties) = preSolution
		HideSolutionNode = FALSE
	EndGlobalSection
	GlobalSection(ExtensibilityGlobals) = postSolution
		SolutionGuid = {941B11F4-5604-4003-8A01-17745171EDE3}
	EndGlobalSection
EndGlobal
